
Microsoft Visual Studio Solution File, Format Version 12.00
# Visual Studio Version 17
VisualStudioVersion = 17.6.33712.159
MinimumVisualStudioVersion = 10.0.40219.1
Project("{9A19103F-16F7-4668-BE54-9A1E7A4F7556}") = "ComputerStore", "ComputerStore\ComputerStore.csproj", "{795691EC-8A93-41C5-A6F2-C5558AD9B6D5}"
EndProject
Project("{9A19103F-16F7-4668-BE54-9A1E7A4F7556}") = "ComputerStoreUnitTests", "ComputerStoreUnitTests\ComputerStoreUnitTests.csproj", "{F8CFDA1F-9BE6-483D-ABA8-9307CC23D41D}"
EndProject
Project("{FAE04EC0-301F-11D3-BF4B-00C04F79EFBC}") = "ComputerStore.DataAccess", "ComputerStore.DataAccess\ComputerStore.DataAccess.csproj", "{DB4D395F-59A4-4A79-AE90-CD3C28E48349}"
EndProject
Project("{FAE04EC0-301F-11D3-BF4B-00C04F79EFBC}") = "ComputerStore.BusinessLogic", "ComputerStore.BusinessLogic\ComputerStore.BusinessLogic.csproj", "{C65D89C5-E8B1-46F6-980F-0E127D923D64}"
EndProject
Project("{FAE04EC0-301F-11D3-BF4B-00C04F79EFBC}") = "ComputerStore.Utilities", "ComputerStore.Utilities\ComputerStore.Utilities.csproj", "{5BA8CADF-980E-4D0A-85FA-7666C36100CA}"
EndProject
Global
	GlobalSection(SolutionConfigurationPlatforms) = preSolution
		Debug|Any CPU = Debug|Any CPU
		Release|Any CPU = Release|Any CPU
	EndGlobalSection
	GlobalSection(ProjectConfigurationPlatforms) = postSolution
		{795691EC-8A93-41C5-A6F2-C5558AD9B6D5}.Debug|Any CPU.ActiveCfg = Debug|Any CPU
		{795691EC-8A93-41C5-A6F2-C5558AD9B6D5}.Debug|Any CPU.Build.0 = Debug|Any CPU
		{795691EC-8A93-41C5-A6F2-C5558AD9B6D5}.Release|Any CPU.ActiveCfg = Release|Any CPU
		{795691EC-8A93-41C5-A6F2-C5558AD9B6D5}.Release|Any CPU.Build.0 = Release|Any CPU
		{F8CFDA1F-9BE6-483D-ABA8-9307CC23D41D}.Debug|Any CPU.ActiveCfg = Debug|Any CPU
		{F8CFDA1F-9BE6-483D-ABA8-9307CC23D41D}.Debug|Any CPU.Build.0 = Debug|Any CPU
		{F8CFDA1F-9BE6-483D-ABA8-9307CC23D41D}.Release|Any CPU.ActiveCfg = Release|Any CPU
		{F8CFDA1F-9BE6-483D-ABA8-9307CC23D41D}.Release|Any CPU.Build.0 = Release|Any CPU
		{DB4D395F-59A4-4A79-AE90-CD3C28E48349}.Debug|Any CPU.ActiveCfg = Debug|Any CPU
		{DB4D395F-59A4-4A79-AE90-CD3C28E48349}.Debug|Any CPU.Build.0 = Debug|Any CPU
		{DB4D395F-59A4-4A79-AE90-CD3C28E48349}.Release|Any CPU.ActiveCfg = Release|Any CPU
		{DB4D395F-59A4-4A79-AE90-CD3C28E48349}.Release|Any CPU.Build.0 = Release|Any CPU
		{C65D89C5-E8B1-46F6-980F-0E127D923D64}.Debug|Any CPU.ActiveCfg = Debug|Any CPU
		{C65D89C5-E8B1-46F6-980F-0E127D923D64}.Debug|Any CPU.Build.0 = Debug|Any CPU
		{C65D89C5-E8B1-46F6-980F-0E127D923D64}.Release|Any CPU.ActiveCfg = Release|Any CPU
		{C65D89C5-E8B1-46F6-980F-0E127D923D64}.Release|Any CPU.Build.0 = Release|Any CPU
		{5BA8CADF-980E-4D0A-85FA-7666C36100CA}.Debug|Any CPU.ActiveCfg = Debug|Any CPU
		{5BA8CADF-980E-4D0A-85FA-7666C36100CA}.Debug|Any CPU.Build.0 = Debug|Any CPU
		{5BA8CADF-980E-4D0A-85FA-7666C36100CA}.Release|Any CPU.ActiveCfg = Release|Any CPU
		{5BA8CADF-980E-4D0A-85FA-7666C36100CA}.Release|Any CPU.Build.0 = Release|Any CPU
	EndGlobalSection
	GlobalSection(SolutionProperties) = preSolution
		HideSolutionNode = FALSE
	EndGlobalSection
	GlobalSection(ExtensibilityGlobals) = postSolution
		SolutionGuid = {15DBE59B-7A51-41B9-966B-FD7F1DA03C75}
	EndGlobalSection
EndGlobal
